# This file is automatically @generated by Cargo.
# It is not intended for manual editing.
[[package]]
name = "http-quick-share"
version = "0.1.0"
dependencies = [
 "simple-signal",
]

[[package]]
name = "lazy_static"
version = "1.4.0"
source = "registry+https://github.com/rust-lang/crates.io-index"
checksum = "e2abad23fbc42b3700f2f279844dc832adb2b2eb069b2df918f455c4e18cc646"

[[package]]
name = "libc"
version = "0.2.82"
source = "registry+https://github.com/rust-lang/crates.io-index"
checksum = "89203f3fba0a3795506acaad8ebce3c80c0af93f994d5a1d7a0b1eeb23271929"

[[package]]
name = "simple-signal"
version = "1.1.1"
source = "registry+https://github.com/rust-lang/crates.io-index"
checksum = "53f7da44adcc42667d57483bd93f81295f27d66897804b757573b61b6f13288b"
dependencies = [
 "lazy_static",
 "libc",
]
